
Microsoft Visual Studio Solution File, Format Version 12.00
# Visual Studio Version 16
VisualStudioVersion = 16.0.29403.142
MinimumVisualStudioVersion = 10.0.40219.1
Project("{9A19103F-16F7-4668-BE54-9A1E7A4F7556}") = "WebApi", "WebApi\WebApi.csproj", "{0733EC4E-09F0-4C98-95A2-B2E9B1FECAE1}"
EndProject
Project("{FAE04EC0-301F-11D3-BF4B-00C04F79EFBC}") = "WebApi.Tests", "WebApi.Tests\WebApi.Tests.csproj", "{0E5BEE6A-C3EA-4CD9-9570-802BED5FD7F2}"
EndProject
Global
	GlobalSection(SolutionConfigurationPlatforms) = preSolution
		Debug|Any CPU = Debug|Any CPU
		Release|Any CPU = Release|Any CPU
	EndGlobalSection
	GlobalSection(ProjectConfigurationPlatforms) = postSolution
		{0733EC4E-09F0-4C98-95A2-B2E9B1FECAE1}.Debug|Any CPU.ActiveCfg = Debug|Any CPU
		{0733EC4E-09F0-4C98-95A2-B2E9B1FECAE1}.Debug|Any CPU.Build.0 = Debug|Any CPU
		{0733EC4E-09F0-4C98-95A2-B2E9B1FECAE1}.Release|Any CPU.ActiveCfg = Release|Any CPU
		{0733EC4E-09F0-4C98-95A2-B2E9B1FECAE1}.Release|Any CPU.Build.0 = Release|Any CPU
		{0E5BEE6A-C3EA-4CD9-9570-802BED5FD7F2}.Debug|Any CPU.ActiveCfg = Debug|Any CPU
		{0E5BEE6A-C3EA-4CD9-9570-802BED5FD7F2}.Debug|Any CPU.Build.0 = Debug|Any CPU
		{0E5BEE6A-C3EA-4CD9-9570-802BED5FD7F2}.Release|Any CPU.ActiveCfg = Release|Any CPU
		{0E5BEE6A-C3EA-4CD9-9570-802BED5FD7F2}.Release|Any CPU.Build.0 = Release|Any CPU
	EndGlobalSection
	GlobalSection(SolutionProperties) = preSolution
		HideSolutionNode = FALSE
	EndGlobalSection
	GlobalSection(ExtensibilityGlobals) = postSolution
		SolutionGuid = {EFAB7E65-AE28-4AC4-814A-99117EDA85D0}
	EndGlobalSection
EndGlobal
